// !$*UTF8*$!
{
	archiveVersion = 1;
	classes = {
	};
	objectVersion = 54;
	objects = {

/* Begin PBXBuildFile section */
		058557BB273AAA24004C7B11 /* Assets.xcassets in Resources */ = {isa = PBXBuildFile; fileRef = 058557BA273AAA24004C7B11 /* Assets.xcassets */; };
		058557D9273AAEEB004C7B11 /* Preview Assets.xcassets in Resources */ = {isa = PBXBuildFile; fileRef = 058557D8273AAEEB004C7B11 /* Preview Assets.xcassets */; };
		2152FB042600AC8F00CF470E /* iOSApp.swift in Sources */ = {isa = PBXBuildFile; fileRef = 2152FB032600AC8F00CF470E /* iOSApp.swift */; };
		7555FF83242A565900829871 /* ContentView.swift in Sources */ = {isa = PBXBuildFile; fileRef = 7555FF82242A565900829871 /* ContentView.swift */; };
		E17FD1CD41860F5E0288C403 /* Pods_iosApp.framework in Frameworks */ = {isa = PBXBuildFile; fileRef = A55763EE07369CBD407353EA /* Pods_iosApp.framework */; };
		F951ACEF2C1F1AED0076F505 /* GoogleService-Info.plist in Resources */ = {isa = PBXBuildFile; fileRef = F951ACEE2C1F1AED0076F505 /* GoogleService-Info.plist */; };
		F951ACF22C1F1C7C0076F505 /* FirebaseAnalytics in Frameworks */ = {isa = PBXBuildFile; productRef = F951ACF12C1F1C7C0076F505 /* FirebaseAnalytics */; };
		F951ACF42C1F1C7C0076F505 /* FirebaseAnalyticsOnDeviceConversion in Frameworks */ = {isa = PBXBuildFile; productRef = F951ACF32C1F1C7C0076F505 /* FirebaseAnalyticsOnDeviceConversion */; };
		F951ACF62C1F1C7C0076F505 /* FirebaseAnalyticsSwift in Frameworks */ = {isa = PBXBuildFile; productRef = F951ACF52C1F1C7C0076F505 /* FirebaseAnalyticsSwift */; };
		F951ACF82C1F1C7C0076F505 /* FirebaseAnalyticsWithoutAdIdSupport in Frameworks */ = {isa = PBXBuildFile; productRef = F951ACF72C1F1C7C0076F505 /* FirebaseAnalyticsWithoutAdIdSupport */; };
		F951ACFA2C1F1C7C0076F505 /* FirebaseAuth in Frameworks */ = {isa = PBXBuildFile; productRef = F951ACF92C1F1C7C0076F505 /* FirebaseAuth */; };
		F951ACFC2C1F1C7C0076F505 /* FirebaseAuthCombine-Community in Frameworks */ = {isa = PBXBuildFile; productRef = F951ACFB2C1F1C7C0076F505 /* FirebaseAuthCombine-Community */; };
		F951ACFE2C1F1C7C0076F505 /* FirebaseCrashlytics in Frameworks */ = {isa = PBXBuildFile; productRef = F951ACFD2C1F1C7C0076F505 /* FirebaseCrashlytics */; };
		F951AD002C1F1C7C0076F505 /* FirebaseDatabase in Frameworks */ = {isa = PBXBuildFile; productRef = F951ACFF2C1F1C7C0076F505 /* FirebaseDatabase */; };
		F951AD022C1F1C7C0076F505 /* FirebaseDatabaseSwift in Frameworks */ = {isa = PBXBuildFile; productRef = F951AD012C1F1C7C0076F505 /* FirebaseDatabaseSwift */; };
		F951AD042C1F1C7C0076F505 /* FirebaseFirestore in Frameworks */ = {isa = PBXBuildFile; productRef = F951AD032C1F1C7C0076F505 /* FirebaseFirestore */; };
		F951AD062C1F1C7C0076F505 /* FirebaseFirestoreCombine-Community in Frameworks */ = {isa = PBXBuildFile; productRef = F951AD052C1F1C7C0076F505 /* FirebaseFirestoreCombine-Community */; };
		F951AD082C1F1C7C0076F505 /* FirebaseFirestoreSwift in Frameworks */ = {isa = PBXBuildFile; productRef = F951AD072C1F1C7C0076F505 /* FirebaseFirestoreSwift */; };
		F951AD0A2C1F1C7C0076F505 /* FirebaseFunctions in Frameworks */ = {isa = PBXBuildFile; productRef = F951AD092C1F1C7C0076F505 /* FirebaseFunctions */; };
		F951AD0C2C1F1C7C0076F505 /* FirebaseFunctionsCombine-Community in Frameworks */ = {isa = PBXBuildFile; productRef = F951AD0B2C1F1C7C0076F505 /* FirebaseFunctionsCombine-Community */; };
		F951AD0E2C1F1C7C0076F505 /* FirebaseInAppMessaging-Beta in Frameworks */ = {isa = PBXBuildFile; productRef = F951AD0D2C1F1C7C0076F505 /* FirebaseInAppMessaging-Beta */; };
		F951AD102C1F1C7C0076F505 /* FirebaseInAppMessagingSwift-Beta in Frameworks */ = {isa = PBXBuildFile; productRef = F951AD0F2C1F1C7C0076F505 /* FirebaseInAppMessagingSwift-Beta */; };
		F951AD122C1F1C7C0076F505 /* FirebaseInstallations in Frameworks */ = {isa = PBXBuildFile; productRef = F951AD112C1F1C7C0076F505 /* FirebaseInstallations */; };
		F951AD142C1F1C7C0076F505 /* FirebaseMLModelDownloader in Frameworks */ = {isa = PBXBuildFile; productRef = F951AD132C1F1C7C0076F505 /* FirebaseMLModelDownloader */; };
		F951AD162C1F1C7C0076F505 /* FirebaseMessaging in Frameworks */ = {isa = PBXBuildFile; productRef = F951AD152C1F1C7C0076F505 /* FirebaseMessaging */; };
		F951AD182C1F1C7C0076F505 /* FirebasePerformance in Frameworks */ = {isa = PBXBuildFile; productRef = F951AD172C1F1C7C0076F505 /* FirebasePerformance */; };
		F951AD1A2C1F1C7C0076F505 /* FirebaseRemoteConfig in Frameworks */ = {isa = PBXBuildFile; productRef = F951AD192C1F1C7C0076F505 /* FirebaseRemoteConfig */; };
		F951AD1C2C1F1C7C0076F505 /* FirebaseRemoteConfigSwift in Frameworks */ = {isa = PBXBuildFile; productRef = F951AD1B2C1F1C7C0076F505 /* FirebaseRemoteConfigSwift */; };
		F951AD1E2C1F1C7C0076F505 /* FirebaseStorage in Frameworks */ = {isa = PBXBuildFile; productRef = F951AD1D2C1F1C7C0076F505 /* FirebaseStorage */; };
		F951AD202C1F1C7C0076F505 /* FirebaseStorageCombine-Community in Frameworks */ = {isa = PBXBuildFile; productRef = F951AD1F2C1F1C7C0076F505 /* FirebaseStorageCombine-Community */; };
		F951AD222C1F1C7C0076F505 /* FirebaseVertexAI-Preview in Frameworks */ = {isa = PBXBuildFile; productRef = F951AD212C1F1C7C0076F505 /* FirebaseVertexAI-Preview */; };
/* End PBXBuildFile section */

/* Begin PBXFileReference section */
		058557BA273AAA24004C7B11 /* Assets.xcassets */ = {isa = PBXFileReference; lastKnownFileType = folder.assetcatalog; path = Assets.xcassets; sourceTree = "<group>"; };
		058557D8273AAEEB004C7B11 /* Preview Assets.xcassets */ = {isa = PBXFileReference; lastKnownFileType = folder.assetcatalog; path = "Preview Assets.xcassets"; sourceTree = "<group>"; };
		2152FB032600AC8F00CF470E /* iOSApp.swift */ = {isa = PBXFileReference; lastKnownFileType = sourcecode.swift; path = iOSApp.swift; sourceTree = "<group>"; };
		7555FF7B242A565900829871 /* iosApp.app */ = {isa = PBXFileReference; explicitFileType = wrapper.application; includeInIndex = 0; path = iosApp.app; sourceTree = BUILT_PRODUCTS_DIR; };
		7555FF82242A565900829871 /* ContentView.swift */ = {isa = PBXFileReference; lastKnownFileType = sourcecode.swift; path = ContentView.swift; sourceTree = "<group>"; };
		7555FF8C242A565B00829871 /* Info.plist */ = {isa = PBXFileReference; lastKnownFileType = text.plist.xml; path = Info.plist; sourceTree = "<group>"; };
		819E2C091891BBD943BDBC19 /* Pods-iosApp.release.xcconfig */ = {isa = PBXFileReference; includeInIndex = 1; lastKnownFileType = text.xcconfig; name = "Pods-iosApp.release.xcconfig"; path = "Target Support Files/Pods-iosApp/Pods-iosApp.release.xcconfig"; sourceTree = "<group>"; };
		A55763EE07369CBD407353EA /* Pods_iosApp.framework */ = {isa = PBXFileReference; explicitFileType = wrapper.framework; includeInIndex = 0; path = Pods_iosApp.framework; sourceTree = BUILT_PRODUCTS_DIR; };
		B46FF9637E9B2C7ED720DA80 /* Pods-iosApp.debug.xcconfig */ = {isa = PBXFileReference; includeInIndex = 1; lastKnownFileType = text.xcconfig; name = "Pods-iosApp.debug.xcconfig"; path = "Target Support Files/Pods-iosApp/Pods-iosApp.debug.xcconfig"; sourceTree = "<group>"; };
		F951ACEE2C1F1AED0076F505 /* GoogleService-Info.plist */ = {isa = PBXFileReference; fileEncoding = 4; lastKnownFileType = text.plist.xml; name = "GoogleService-Info.plist"; path = "../../../../../Desktop/movii/GoogleService-Info.plist"; sourceTree = "<group>"; };
/* End PBXFileReference section */

/* Begin PBXFrameworksBuildPhase section */
		6F4A2ED42686D0D53690234A /* Frameworks */ = {
			isa = PBXFrameworksBuildPhase;
			buildActionMask = 2147483647;
			files = (
				F951AD022C1F1C7C0076F505 /* FirebaseDatabaseSwift in Frameworks */,
				F951AD102C1F1C7C0076F505 /* FirebaseInAppMessagingSwift-Beta in Frameworks */,
				F951AD0A2C1F1C7C0076F505 /* FirebaseFunctions in Frameworks */,
				F951AD122C1F1C7C0076F505 /* FirebaseInstallations in Frameworks */,
				F951ACF62C1F1C7C0076F505 /* FirebaseAnalyticsSwift in Frameworks */,
				F951AD1E2C1F1C7C0076F505 /* FirebaseStorage in Frameworks */,
				F951ACFA2C1F1C7C0076F505 /* FirebaseAuth in Frameworks */,
				F951ACF82C1F1C7C0076F505 /* FirebaseAnalyticsWithoutAdIdSupport in Frameworks */,
				F951ACF22C1F1C7C0076F505 /* FirebaseAnalytics in Frameworks */,
				F951ACF42C1F1C7C0076F505 /* FirebaseAnalyticsOnDeviceConversion in Frameworks */,
				F951ACFE2C1F1C7C0076F505 /* FirebaseCrashlytics in Frameworks */,
				F951AD0C2C1F1C7C0076F505 /* FirebaseFunctionsCombine-Community in Frameworks */,
				F951AD1A2C1F1C7C0076F505 /* FirebaseRemoteConfig in Frameworks */,
				F951AD082C1F1C7C0076F505 /* FirebaseFirestoreSwift in Frameworks */,
				F951AD162C1F1C7C0076F505 /* FirebaseMessaging in Frameworks */,
				F951AD142C1F1C7C0076F505 /* FirebaseMLModelDownloader in Frameworks */,
				F951AD182C1F1C7C0076F505 /* FirebasePerformance in Frameworks */,
				F951AD002C1F1C7C0076F505 /* FirebaseDatabase in Frameworks */,
				F951AD0E2C1F1C7C0076F505 /* FirebaseInAppMessaging-Beta in Frameworks */,
				F951AD1C2C1F1C7C0076F505 /* FirebaseRemoteConfigSwift in Frameworks */,
				F951ACFC2C1F1C7C0076F505 /* FirebaseAuthCombine-Community in Frameworks */,
				F951AD062C1F1C7C0076F505 /* FirebaseFirestoreCombine-Community in Frameworks */,
				F951AD202C1F1C7C0076F505 /* FirebaseStorageCombine-Community in Frameworks */,
				F951AD042C1F1C7C0076F505 /* FirebaseFirestore in Frameworks */,
				F951AD222C1F1C7C0076F505 /* FirebaseVertexAI-Preview in Frameworks */,
				E17FD1CD41860F5E0288C403 /* Pods_iosApp.framework in Frameworks */,
			);
			runOnlyForDeploymentPostprocessing = 0;
		};
/* End PBXFrameworksBuildPhase section */

/* Begin PBXGroup section */
		058557D7273AAEEB004C7B11 /* Preview Content */ = {
			isa = PBXGroup;
			children = (
				058557D8273AAEEB004C7B11 /* Preview Assets.xcassets */,
			);
			path = "Preview Content";
			sourceTree = "<group>";
		};
		3E52F4C3DE33CA9794B0605E /* Frameworks */ = {
			isa = PBXGroup;
			children = (
				A55763EE07369CBD407353EA /* Pods_iosApp.framework */,
			);
			name = Frameworks;
			sourceTree = "<group>";
		};
		597A30B46AAEDA5341F35EA5 /* Pods */ = {
			isa = PBXGroup;
			children = (
				B46FF9637E9B2C7ED720DA80 /* Pods-iosApp.debug.xcconfig */,
				819E2C091891BBD943BDBC19 /* Pods-iosApp.release.xcconfig */,
			);
			path = Pods;
			sourceTree = "<group>";
		};
		7555FF72242A565900829871 = {
			isa = PBXGroup;
			children = (
				7555FF7D242A565900829871 /* iosApp */,
				7555FF7C242A565900829871 /* Products */,
				597A30B46AAEDA5341F35EA5 /* Pods */,
				3E52F4C3DE33CA9794B0605E /* Frameworks */,
			);
			sourceTree = "<group>";
		};
		7555FF7C242A565900829871 /* Products */ = {
			isa = PBXGroup;
			children = (
				7555FF7B242A565900829871 /* iosApp.app */,
			);
			name = Products;
			sourceTree = "<group>";
		};
		7555FF7D242A565900829871 /* iosApp */ = {
			isa = PBXGroup;
			children = (
				F951ACEE2C1F1AED0076F505 /* GoogleService-Info.plist */,
				058557BA273AAA24004C7B11 /* Assets.xcassets */,
				7555FF82242A565900829871 /* ContentView.swift */,
				7555FF8C242A565B00829871 /* Info.plist */,
				2152FB032600AC8F00CF470E /* iOSApp.swift */,
				058557D7273AAEEB004C7B11 /* Preview Content */,
			);
			path = iosApp;
			sourceTree = "<group>";
		};
/* End PBXGroup section */

/* Begin PBXNativeTarget section */
		7555FF7A242A565900829871 /* iosApp */ = {
			isa = PBXNativeTarget;
			buildConfigurationList = 7555FFA5242A565B00829871 /* Build configuration list for PBXNativeTarget "iosApp" */;
			buildPhases = (
				7CF8F6E9F80E4FC3ECC9B9CC /* [CP] Check Pods Manifest.lock */,
				7555FF77242A565900829871 /* Sources */,
				7555FF79242A565900829871 /* Resources */,
				6F4A2ED42686D0D53690234A /* Frameworks */,
				948DE1C4DA11AF75EF1893FD /* [CP] Embed Pods Frameworks */,
			);
			buildRules = (
			);
			dependencies = (
			);
			name = iosApp;
			packageProductDependencies = (
				F951ACF12C1F1C7C0076F505 /* FirebaseAnalytics */,
				F951ACF32C1F1C7C0076F505 /* FirebaseAnalyticsOnDeviceConversion */,
				F951ACF52C1F1C7C0076F505 /* FirebaseAnalyticsSwift */,
				F951ACF72C1F1C7C0076F505 /* FirebaseAnalyticsWithoutAdIdSupport */,
				F951ACF92C1F1C7C0076F505 /* FirebaseAuth */,
				F951ACFB2C1F1C7C0076F505 /* FirebaseAuthCombine-Community */,
				F951ACFD2C1F1C7C0076F505 /* FirebaseCrashlytics */,
				F951ACFF2C1F1C7C0076F505 /* FirebaseDatabase */,
				F951AD012C1F1C7C0076F505 /* FirebaseDatabaseSwift */,
				F951AD032C1F1C7C0076F505 /* FirebaseFirestore */,
				F951AD052C1F1C7C0076F505 /* FirebaseFirestoreCombine-Community */,
				F951AD072C1F1C7C0076F505 /* FirebaseFirestoreSwift */,
				F951AD092C1F1C7C0076F505 /* FirebaseFunctions */,
				F951AD0B2C1F1C7C0076F505 /* FirebaseFunctionsCombine-Community */,
				F951AD0D2C1F1C7C0076F505 /* FirebaseInAppMessaging-Beta */,
				F951AD0F2C1F1C7C0076F505 /* FirebaseInAppMessagingSwift-Beta */,
				F951AD112C1F1C7C0076F505 /* FirebaseInstallations */,
				F951AD132C1F1C7C0076F505 /* FirebaseMLModelDownloader */,
				F951AD152C1F1C7C0076F505 /* FirebaseMessaging */,
				F951AD172C1F1C7C0076F505 /* FirebasePerformance */,
				F951AD192C1F1C7C0076F505 /* FirebaseRemoteConfig */,
				F951AD1B2C1F1C7C0076F505 /* FirebaseRemoteConfigSwift */,
				F951AD1D2C1F1C7C0076F505 /* FirebaseStorage */,
				F951AD1F2C1F1C7C0076F505 /* FirebaseStorageCombine-Community */,
				F951AD212C1F1C7C0076F505 /* FirebaseVertexAI-Preview */,
			);
			productName = iosApp;
			productReference = 7555FF7B242A565900829871 /* iosApp.app */;
			productType = "com.apple.product-type.application";
		};
/* End PBXNativeTarget section */

/* Begin PBXProject section */
		7555FF73242A565900829871 /* Project object */ = {
			isa = PBXProject;
			attributes = {
				LastSwiftUpdateCheck = 1130;
				LastUpgradeCheck = 1130;
				ORGANIZATIONNAME = orgName;
				TargetAttributes = {
					7555FF7A242A565900829871 = {
						CreatedOnToolsVersion = 11.3.1;
					};
				};
			};
			buildConfigurationList = 7555FF76242A565900829871 /* Build configuration list for PBXProject "iosApp" */;
			compatibilityVersion = "Xcode 9.3";
			developmentRegion = en;
			hasScannedForEncodings = 0;
			knownRegions = (
				en,
				Base,
			);
			mainGroup = 7555FF72242A565900829871;
			packageReferences = (
				F951ACF02C1F1C7B0076F505 /* XCRemoteSwiftPackageReference "firebase-ios-sdk" */,
			);
			productRefGroup = 7555FF7C242A565900829871 /* Products */;
			projectDirPath = "";
			projectRoot = "";
			targets = (
				7555FF7A242A565900829871 /* iosApp */,
			);
		};
/* End PBXProject section */

/* Begin PBXResourcesBuildPhase section */
		7555FF79242A565900829871 /* Resources */ = {
			isa = PBXResourcesBuildPhase;
			buildActionMask = 2147483647;
			files = (
				058557D9273AAEEB004C7B11 /* Preview Assets.xcassets in Resources */,
				058557BB273AAA24004C7B11 /* Assets.xcassets in Resources */,
				F951ACEF2C1F1AED0076F505 /* GoogleService-Info.plist in Resources */,
			);
			runOnlyForDeploymentPostprocessing = 0;
		};
/* End PBXResourcesBuildPhase section */

/* Begin PBXShellScriptBuildPhase section */
		7CF8F6E9F80E4FC3ECC9B9CC /* [CP] Check Pods Manifest.lock */ = {
			isa = PBXShellScriptBuildPhase;
			buildActionMask = 2147483647;
			files = (
			);
			inputFileListPaths = (
			);
			inputPaths = (
				"${PODS_PODFILE_DIR_PATH}/Podfile.lock",
				"${PODS_ROOT}/Manifest.lock",
			);
			name = "[CP] Check Pods Manifest.lock";
			outputFileListPaths = (
			);
			outputPaths = (
				"$(DERIVED_FILE_DIR)/Pods-iosApp-checkManifestLockResult.txt",
			);
			runOnlyForDeploymentPostprocessing = 0;
			shellPath = /bin/sh;
			shellScript = "diff \"${PODS_PODFILE_DIR_PATH}/Podfile.lock\" \"${PODS_ROOT}/Manifest.lock\" > /dev/null\nif [ $? != 0 ] ; then\n    # print error to STDERR\n    echo \"error: The sandbox is not in sync with the Podfile.lock. Run 'pod install' or update your CocoaPods installation.\" >&2\n    exit 1\nfi\n# This output is used by Xcode 'outputs' to avoid re-running this script phase.\necho \"SUCCESS\" > \"${SCRIPT_OUTPUT_FILE_0}\"\n";
			showEnvVarsInLog = 0;
		};
		948DE1C4DA11AF75EF1893FD /* [CP] Embed Pods Frameworks */ = {
			isa = PBXShellScriptBuildPhase;
			buildActionMask = 2147483647;
			files = (
			);
			inputFileListPaths = (
				"${PODS_ROOT}/Target Support Files/Pods-iosApp/Pods-iosApp-frameworks-${CONFIGURATION}-input-files.xcfilelist",
			);
			name = "[CP] Embed Pods Frameworks";
			outputFileListPaths = (
				"${PODS_ROOT}/Target Support Files/Pods-iosApp/Pods-iosApp-frameworks-${CONFIGURATION}-output-files.xcfilelist",
			);
			runOnlyForDeploymentPostprocessing = 0;
			shellPath = /bin/sh;
			shellScript = "\"${PODS_ROOT}/Target Support Files/Pods-iosApp/Pods-iosApp-frameworks.sh\"\n";
			showEnvVarsInLog = 0;
		};
/* End PBXShellScriptBuildPhase section */

/* Begin PBXSourcesBuildPhase section */
		7555FF77242A565900829871 /* Sources */ = {
			isa = PBXSourcesBuildPhase;
			buildActionMask = 2147483647;
			files = (
				2152FB042600AC8F00CF470E /* iOSApp.swift in Sources */,
				7555FF83242A565900829871 /* ContentView.swift in Sources */,
			);
			runOnlyForDeploymentPostprocessing = 0;
		};
/* End PBXSourcesBuildPhase section */

/* Begin XCBuildConfiguration section */
		7555FFA3242A565B00829871 /* Debug */ = {
			isa = XCBuildConfiguration;
			buildSettings = {
				ALWAYS_SEARCH_USER_PATHS = NO;
				CLANG_ANALYZER_NONNULL = YES;
				CLANG_ANALYZER_NUMBER_OBJECT_CONVERSION = YES_AGGRESSIVE;
				CLANG_CXX_LANGUAGE_STANDARD = "gnu++14";
				CLANG_CXX_LIBRARY = "libc++";
				CLANG_ENABLE_MODULES = YES;
				CLANG_ENABLE_OBJC_ARC = YES;
				CLANG_ENABLE_OBJC_WEAK = YES;
				CLANG_WARN_BLOCK_CAPTURE_AUTORELEASING = YES;
				CLANG_WARN_BOOL_CONVERSION = YES;
				CLANG_WARN_COMMA = YES;
				CLANG_WARN_CONSTANT_CONVERSION = YES;
				CLANG_WARN_DEPRECATED_OBJC_IMPLEMENTATIONS = YES;
				CLANG_WARN_DIRECT_OBJC_ISA_USAGE = YES_ERROR;
				CLANG_WARN_DOCUMENTATION_COMMENTS = YES;
				CLANG_WARN_EMPTY_BODY = YES;
				CLANG_WARN_ENUM_CONVERSION = YES;
				CLANG_WARN_INFINITE_RECURSION = YES;
				CLANG_WARN_INT_CONVERSION = YES;
				CLANG_WARN_NON_LITERAL_NULL_CONVERSION = YES;
				CLANG_WARN_OBJC_IMPLICIT_RETAIN_SELF = YES;
				CLANG_WARN_OBJC_LITERAL_CONVERSION = YES;
				CLANG_WARN_OBJC_ROOT_CLASS = YES_ERROR;
				CLANG_WARN_QUOTED_INCLUDE_IN_FRAMEWORK_HEADER = YES;
				CLANG_WARN_RANGE_LOOP_ANALYSIS = YES;
				CLANG_WARN_STRICT_PROTOTYPES = YES;
				CLANG_WARN_SUSPICIOUS_MOVE = YES;
				CLANG_WARN_UNGUARDED_AVAILABILITY = YES_AGGRESSIVE;
				CLANG_WARN_UNREACHABLE_CODE = YES;
				CLANG_WARN__DUPLICATE_METHOD_MATCH = YES;
				COPY_PHASE_STRIP = NO;
				DEBUG_INFORMATION_FORMAT = "dwarf-with-dsym";
				ENABLE_STRICT_OBJC_MSGSEND = YES;
				ENABLE_TESTABILITY = YES;
				GCC_C_LANGUAGE_STANDARD = gnu11;
				GCC_DYNAMIC_NO_PIC = NO;
				GCC_NO_COMMON_BLOCKS = YES;
				GCC_OPTIMIZATION_LEVEL = 0;
				GCC_PREPROCESSOR_DEFINITIONS = (
					"DEBUG=1",
					"$(inherited)",
				);
				GCC_WARN_64_TO_32_BIT_CONVERSION = YES;
				GCC_WARN_ABOUT_RETURN_TYPE = YES_ERROR;
				GCC_WARN_UNDECLARED_SELECTOR = YES;
				GCC_WARN_UNINITIALIZED_AUTOS = YES_AGGRESSIVE;
				GCC_WARN_UNUSED_FUNCTION = YES;
				GCC_WARN_UNUSED_VARIABLE = YES;
				IPHONEOS_DEPLOYMENT_TARGET = 16.0;
				MTL_ENABLE_DEBUG_INFO = INCLUDE_SOURCE;
				MTL_FAST_MATH = YES;
				ONLY_ACTIVE_ARCH = YES;
				SDKROOT = iphoneos;
				SWIFT_ACTIVE_COMPILATION_CONDITIONS = DEBUG;
				SWIFT_OPTIMIZATION_LEVEL = "-Onone";
			};
			name = Debug;
		};
		7555FFA4242A565B00829871 /* Release */ = {
			isa = XCBuildConfiguration;
			buildSettings = {
				ALWAYS_SEARCH_USER_PATHS = NO;
				CLANG_ANALYZER_NONNULL = YES;
				CLANG_ANALYZER_NUMBER_OBJECT_CONVERSION = YES_AGGRESSIVE;
				CLANG_CXX_LANGUAGE_STANDARD = "gnu++14";
				CLANG_CXX_LIBRARY = "libc++";
				CLANG_ENABLE_MODULES = YES;
				CLANG_ENABLE_OBJC_ARC = YES;
				CLANG_ENABLE_OBJC_WEAK = YES;
				CLANG_WARN_BLOCK_CAPTURE_AUTORELEASING = YES;
				CLANG_WARN_BOOL_CONVERSION = YES;
				CLANG_WARN_COMMA = YES;
				CLANG_WARN_CONSTANT_CONVERSION = YES;
				CLANG_WARN_DEPRECATED_OBJC_IMPLEMENTATIONS = YES;
				CLANG_WARN_DIRECT_OBJC_ISA_USAGE = YES_ERROR;
				CLANG_WARN_DOCUMENTATION_COMMENTS = YES;
				CLANG_WARN_EMPTY_BODY = YES;
				CLANG_WARN_ENUM_CONVERSION = YES;
				CLANG_WARN_INFINITE_RECURSION = YES;
				CLANG_WARN_INT_CONVERSION = YES;
				CLANG_WARN_NON_LITERAL_NULL_CONVERSION = YES;
				CLANG_WARN_OBJC_IMPLICIT_RETAIN_SELF = YES;
				CLANG_WARN_OBJC_LITERAL_CONVERSION = YES;
				CLANG_WARN_OBJC_ROOT_CLASS = YES_ERROR;
				CLANG_WARN_QUOTED_INCLUDE_IN_FRAMEWORK_HEADER = YES;
				CLANG_WARN_RANGE_LOOP_ANALYSIS = YES;
				CLANG_WARN_STRICT_PROTOTYPES = YES;
				CLANG_WARN_SUSPICIOUS_MOVE = YES;
				CLANG_WARN_UNGUARDED_AVAILABILITY = YES_AGGRESSIVE;
				CLANG_WARN_UNREACHABLE_CODE = YES;
				CLANG_WARN__DUPLICATE_METHOD_MATCH = YES;
				COPY_PHASE_STRIP = NO;
				DEBUG_INFORMATION_FORMAT = "dwarf-with-dsym";
				ENABLE_NS_ASSERTIONS = NO;
				ENABLE_STRICT_OBJC_MSGSEND = YES;
				GCC_C_LANGUAGE_STANDARD = gnu11;
				GCC_NO_COMMON_BLOCKS = YES;
				GCC_WARN_64_TO_32_BIT_CONVERSION = YES;
				GCC_WARN_ABOUT_RETURN_TYPE = YES_ERROR;
				GCC_WARN_UNDECLARED_SELECTOR = YES;
				GCC_WARN_UNINITIALIZED_AUTOS = YES_AGGRESSIVE;
				GCC_WARN_UNUSED_FUNCTION = YES;
				GCC_WARN_UNUSED_VARIABLE = YES;
				IPHONEOS_DEPLOYMENT_TARGET = 16.0;
				MTL_ENABLE_DEBUG_INFO = NO;
				MTL_FAST_MATH = YES;
				SDKROOT = iphoneos;
				SWIFT_COMPILATION_MODE = wholemodule;
				SWIFT_OPTIMIZATION_LEVEL = "-O";
				VALIDATE_PRODUCT = YES;
			};
			name = Release;
		};
		7555FFA6242A565B00829871 /* Debug */ = {
			isa = XCBuildConfiguration;
			baseConfigurationReference = B46FF9637E9B2C7ED720DA80 /* Pods-iosApp.debug.xcconfig */;
			buildSettings = {
				ASSETCATALOG_COMPILER_APPICON_NAME = AppIcon;
				CODE_SIGN_STYLE = Automatic;
				DEVELOPMENT_ASSET_PATHS = "\"iosApp/Preview Content\"";
				DEVELOPMENT_TEAM = FK49APQ4KS;
				ENABLE_PREVIEWS = YES;
				INFOPLIST_FILE = iosApp/Info.plist;
				IPHONEOS_DEPLOYMENT_TARGET = 16.0;
				LD_RUNPATH_SEARCH_PATHS = (
					"$(inherited)",
					"@executable_path/Frameworks",
				);
				PRODUCT_BUNDLE_IDENTIFIER = com.mo.movie;
				PRODUCT_NAME = "$(TARGET_NAME)";
				SWIFT_VERSION = 5.0;
				TARGETED_DEVICE_FAMILY = "1,2";
			};
			name = Debug;
		};
		7555FFA7242A565B00829871 /* Release */ = {
			isa = XCBuildConfiguration;
			baseConfigurationReference = 819E2C091891BBD943BDBC19 /* Pods-iosApp.release.xcconfig */;
			buildSettings = {
				ASSETCATALOG_COMPILER_APPICON_NAME = AppIcon;
				CODE_SIGN_STYLE = Automatic;
				DEVELOPMENT_ASSET_PATHS = "\"iosApp/Preview Content\"";
				DEVELOPMENT_TEAM = FK49APQ4KS;
				ENABLE_PREVIEWS = YES;
				INFOPLIST_FILE = iosApp/Info.plist;
				IPHONEOS_DEPLOYMENT_TARGET = 16.0;
				LD_RUNPATH_SEARCH_PATHS = (
					"$(inherited)",
					"@executable_path/Frameworks",
				);
				PRODUCT_BUNDLE_IDENTIFIER = com.mo.movie;
				PRODUCT_NAME = "$(TARGET_NAME)";
				SWIFT_VERSION = 5.0;
				TARGETED_DEVICE_FAMILY = "1,2";
			};
			name = Release;
		};
/* End XCBuildConfiguration section */

/* Begin XCConfigurationList section */
		7555FF76242A565900829871 /* Build configuration list for PBXProject "iosApp" */ = {
			isa = XCConfigurationList;
			buildConfigurations = (
				7555FFA3242A565B00829871 /* Debug */,
				7555FFA4242A565B00829871 /* Release */,
			);
			defaultConfigurationIsVisible = 0;
			defaultConfigurationName = Release;
		};
		7555FFA5242A565B00829871 /* Build configuration list for PBXNativeTarget "iosApp" */ = {
			isa = XCConfigurationList;
			buildConfigurations = (
				7555FFA6242A565B00829871 /* Debug */,
				7555FFA7242A565B00829871 /* Release */,
			);
			defaultConfigurationIsVisible = 0;
			defaultConfigurationName = Release;
		};
/* End XCConfigurationList section */

/* Begin XCRemoteSwiftPackageReference section */
		F951ACF02C1F1C7B0076F505 /* XCRemoteSwiftPackageReference "firebase-ios-sdk" */ = {
			isa = XCRemoteSwiftPackageReference;
			repositoryURL = "https://github.com/firebase/firebase-ios-sdk";
			requirement = {
				kind = upToNextMajorVersion;
				minimumVersion = 10.27.0;
			};
		};
/* End XCRemoteSwiftPackageReference section */

/* Begin XCSwiftPackageProductDependency section */
		F951ACF12C1F1C7C0076F505 /* FirebaseAnalytics */ = {
			isa = XCSwiftPackageProductDependency;
			package = F951ACF02C1F1C7B0076F505 /* XCRemoteSwiftPackageReference "firebase-ios-sdk" */;
			productName = FirebaseAnalytics;
		};
		F951ACF32C1F1C7C0076F505 /* FirebaseAnalyticsOnDeviceConversion */ = {
			isa = XCSwiftPackageProductDependency;
			package = F951ACF02C1F1C7B0076F505 /* XCRemoteSwiftPackageReference "firebase-ios-sdk" */;
			productName = FirebaseAnalyticsOnDeviceConversion;
		};
		F951ACF52C1F1C7C0076F505 /* FirebaseAnalyticsSwift */ = {
			isa = XCSwiftPackageProductDependency;
			package = F951ACF02C1F1C7B0076F505 /* XCRemoteSwiftPackageReference "firebase-ios-sdk" */;
			productName = FirebaseAnalyticsSwift;
		};
		F951ACF72C1F1C7C0076F505 /* FirebaseAnalyticsWithoutAdIdSupport */ = {
			isa = XCSwiftPackageProductDependency;
			package = F951ACF02C1F1C7B0076F505 /* XCRemoteSwiftPackageReference "firebase-ios-sdk" */;
			productName = FirebaseAnalyticsWithoutAdIdSupport;
		};
		F951ACF92C1F1C7C0076F505 /* FirebaseAuth */ = {
			isa = XCSwiftPackageProductDependency;
			package = F951ACF02C1F1C7B0076F505 /* XCRemoteSwiftPackageReference "firebase-ios-sdk" */;
			productName = FirebaseAuth;
		};
		F951ACFB2C1F1C7C0076F505 /* FirebaseAuthCombine-Community */ = {
			isa = XCSwiftPackageProductDependency;
			package = F951ACF02C1F1C7B0076F505 /* XCRemoteSwiftPackageReference "firebase-ios-sdk" */;
			productName = "FirebaseAuthCombine-Community";
		};
		F951ACFD2C1F1C7C0076F505 /* FirebaseCrashlytics */ = {
			isa = XCSwiftPackageProductDependency;
			package = F951ACF02C1F1C7B0076F505 /* XCRemoteSwiftPackageReference "firebase-ios-sdk" */;
			productName = FirebaseCrashlytics;
		};
		F951ACFF2C1F1C7C0076F505 /* FirebaseDatabase */ = {
			isa = XCSwiftPackageProductDependency;
			package = F951ACF02C1F1C7B0076F505 /* XCRemoteSwiftPackageReference "firebase-ios-sdk" */;
			productName = FirebaseDatabase;
		};
		F951AD012C1F1C7C0076F505 /* FirebaseDatabaseSwift */ = {
			isa = XCSwiftPackageProductDependency;
			package = F951ACF02C1F1C7B0076F505 /* XCRemoteSwiftPackageReference "firebase-ios-sdk" */;
			productName = FirebaseDatabaseSwift;
		};
		F951AD032C1F1C7C0076F505 /* FirebaseFirestore */ = {
			isa = XCSwiftPackageProductDependency;
			package = F951ACF02C1F1C7B0076F505 /* XCRemoteSwiftPackageReference "firebase-ios-sdk" */;
			productName = FirebaseFirestore;
		};
		F951AD052C1F1C7C0076F505 /* FirebaseFirestoreCombine-Community */ = {
			isa = XCSwiftPackageProductDependency;
			package = F951ACF02C1F1C7B0076F505 /* XCRemoteSwiftPackageReference "firebase-ios-sdk" */;
			productName = "FirebaseFirestoreCombine-Community";
		};
		F951AD072C1F1C7C0076F505 /* FirebaseFirestoreSwift */ = {
			isa = XCSwiftPackageProductDependency;
			package = F951ACF02C1F1C7B0076F505 /* XCRemoteSwiftPackageReference "firebase-ios-sdk" */;
			productName = FirebaseFirestoreSwift;
		};
		F951AD092C1F1C7C0076F505 /* FirebaseFunctions */ = {
			isa = XCSwiftPackageProductDependency;
			package = F951ACF02C1F1C7B0076F505 /* XCRemoteSwiftPackageReference "firebase-ios-sdk" */;
			productName = FirebaseFunctions;
		};
		F951AD0B2C1F1C7C0076F505 /* FirebaseFunctionsCombine-Community */ = {
			isa = XCSwiftPackageProductDependency;
			package = F951ACF02C1F1C7B0076F505 /* XCRemoteSwiftPackageReference "firebase-ios-sdk" */;
			productName = "FirebaseFunctionsCombine-Community";
		};
		F951AD0D2C1F1C7C0076F505 /* FirebaseInAppMessaging-Beta */ = {
			isa = XCSwiftPackageProductDependency;
			package = F951ACF02C1F1C7B0076F505 /* XCRemoteSwiftPackageReference "firebase-ios-sdk" */;
			productName = "FirebaseInAppMessaging-Beta";
		};
		F951AD0F2C1F1C7C0076F505 /* FirebaseInAppMessagingSwift-Beta */ = {
			isa = XCSwiftPackageProductDependency;
			package = F951ACF02C1F1C7B0076F505 /* XCRemoteSwiftPackageReference "firebase-ios-sdk" */;
			productName = "FirebaseInAppMessagingSwift-Beta";
		};
		F951AD112C1F1C7C0076F505 /* FirebaseInstallations */ = {
			isa = XCSwiftPackageProductDependency;
			package = F951ACF02C1F1C7B0076F505 /* XCRemoteSwiftPackageReference "firebase-ios-sdk" */;
			productName = FirebaseInstallations;
		};
		F951AD132C1F1C7C0076F505 /* FirebaseMLModelDownloader */ = {
			isa = XCSwiftPackageProductDependency;
			package = F951ACF02C1F1C7B0076F505 /* XCRemoteSwiftPackageReference "firebase-ios-sdk" */;
			productName = FirebaseMLModelDownloader;
		};
		F951AD152C1F1C7C0076F505 /* FirebaseMessaging */ = {
			isa = XCSwiftPackageProductDependency;
			package = F951ACF02C1F1C7B0076F505 /* XCRemoteSwiftPackageReference "firebase-ios-sdk" */;
			productName = FirebaseMessaging;
		};
		F951AD172C1F1C7C0076F505 /* FirebasePerformance */ = {
			isa = XCSwiftPackageProductDependency;
			package = F951ACF02C1F1C7B0076F505 /* XCRemoteSwiftPackageReference "firebase-ios-sdk" */;
			productName = FirebasePerformance;
		};
		F951AD192C1F1C7C0076F505 /* FirebaseRemoteConfig */ = {
			isa = XCSwiftPackageProductDependency;
			package = F951ACF02C1F1C7B0076F505 /* XCRemoteSwiftPackageReference "firebase-ios-sdk" */;
			productName = FirebaseRemoteConfig;
		};
		F951AD1B2C1F1C7C0076F505 /* FirebaseRemoteConfigSwift */ = {
			isa = XCSwiftPackageProductDependency;
			package = F951ACF02C1F1C7B0076F505 /* XCRemoteSwiftPackageReference "firebase-ios-sdk" */;
			productName = FirebaseRemoteConfigSwift;
		};
		F951AD1D2C1F1C7C0076F505 /* FirebaseStorage */ = {
			isa = XCSwiftPackageProductDependency;
			package = F951ACF02C1F1C7B0076F505 /* XCRemoteSwiftPackageReference "firebase-ios-sdk" */;
			productName = FirebaseStorage;
		};
		F951AD1F2C1F1C7C0076F505 /* FirebaseStorageCombine-Community */ = {
			isa = XCSwiftPackageProductDependency;
			package = F951ACF02C1F1C7B0076F505 /* XCRemoteSwiftPackageReference "firebase-ios-sdk" */;
			productName = "FirebaseStorageCombine-Community";
		};
		F951AD212C1F1C7C0076F505 /* FirebaseVertexAI-Preview */ = {
			isa = XCSwiftPackageProductDependency;
			package = F951ACF02C1F1C7B0076F505 /* XCRemoteSwiftPackageReference "firebase-ios-sdk" */;
			productName = "FirebaseVertexAI-Preview";
		};
/* End XCSwiftPackageProductDependency section */
	};
	rootObject = 7555FF73242A565900829871 /* Project object */;
}
